
Microsoft Visual Studio Solution File, Format Version 12.00
# Visual Studio Version 16
VisualStudioVersion = 16.0.29102.190
MinimumVisualStudioVersion = 10.0.40219.1
Project("{9A19103F-16F7-4668-BE54-9A1E7A4F7556}") = "ZXing.Net", "Source\lib\netstandard2.0\ZXing.Net.csproj", "{832C3EF1-56B8-4164-B140-4A2D01DB3CA2}"
EndProject
Global
	GlobalSection(SolutionConfigurationPlatforms) = preSolution
		Debug - Reduced|Any CPU = Debug - Reduced|Any CPU
		Debug - Reduced|ARM = Debug - Reduced|ARM
		Debug - Reduced|x64 = Debug - Reduced|x64
		Debug - Reduced|x86 = Debug - Reduced|x86
		Debug|Any CPU = Debug|Any CPU
		Debug|ARM = Debug|ARM
		Debug|x64 = Debug|x64
		Debug|x86 = Debug|x86
		Release with Documentation|Any CPU = Release with Documentation|Any CPU
		Release with Documentation|ARM = Release with Documentation|ARM
		Release with Documentation|x64 = Release with Documentation|x64
		Release with Documentation|x86 = Release with Documentation|x86
		Release|Any CPU = Release|Any CPU
		Release|ARM = Release|ARM
		Release|x64 = Release|x64
		Release|x86 = Release|x86
	EndGlobalSection
	GlobalSection(ProjectConfigurationPlatforms) = postSolution
		{832C3EF1-56B8-4164-B140-4A2D01DB3CA2}.Debug - Reduced|Any CPU.ActiveCfg = Debug|Any CPU
		{832C3EF1-56B8-4164-B140-4A2D01DB3CA2}.Debug - Reduced|ARM.ActiveCfg = Debug|Any CPU
		{832C3EF1-56B8-4164-B140-4A2D01DB3CA2}.Debug - Reduced|ARM.Build.0 = Debug|Any CPU
		{832C3EF1-56B8-4164-B140-4A2D01DB3CA2}.Debug - Reduced|x64.ActiveCfg = Debug|Any CPU
		{832C3EF1-56B8-4164-B140-4A2D01DB3CA2}.Debug - Reduced|x64.Build.0 = Debug|Any CPU
		{832C3EF1-56B8-4164-B140-4A2D01DB3CA2}.Debug - Reduced|x86.ActiveCfg = Debug|Any CPU
		{832C3EF1-56B8-4164-B140-4A2D01DB3CA2}.Debug|Any CPU.ActiveCfg = Debug|Any CPU
		{832C3EF1-56B8-4164-B140-4A2D01DB3CA2}.Debug|Any CPU.Build.0 = Debug|Any CPU
		{832C3EF1-56B8-4164-B140-4A2D01DB3CA2}.Debug|ARM.ActiveCfg = Debug|Any CPU
		{832C3EF1-56B8-4164-B140-4A2D01DB3CA2}.Debug|ARM.Build.0 = Debug|Any CPU
		{832C3EF1-56B8-4164-B140-4A2D01DB3CA2}.Debug|x64.ActiveCfg = Debug|Any CPU
		{832C3EF1-56B8-4164-B140-4A2D01DB3CA2}.Debug|x64.Build.0 = Debug|Any CPU
		{832C3EF1-56B8-4164-B140-4A2D01DB3CA2}.Debug|x86.ActiveCfg = Debug|Any CPU
		{832C3EF1-56B8-4164-B140-4A2D01DB3CA2}.Release with Documentation|Any CPU.ActiveCfg = Release|Any CPU
		{832C3EF1-56B8-4164-B140-4A2D01DB3CA2}.Release with Documentation|Any CPU.Build.0 = Release|Any CPU
		{832C3EF1-56B8-4164-B140-4A2D01DB3CA2}.Release with Documentation|ARM.ActiveCfg = Release|Any CPU
		{832C3EF1-56B8-4164-B140-4A2D01DB3CA2}.Release with Documentation|ARM.Build.0 = Release|Any CPU
		{832C3EF1-56B8-4164-B140-4A2D01DB3CA2}.Release with Documentation|x64.ActiveCfg = Release|Any CPU
		{832C3EF1-56B8-4164-B140-4A2D01DB3CA2}.Release with Documentation|x64.Build.0 = Release|Any CPU
		{832C3EF1-56B8-4164-B140-4A2D01DB3CA2}.Release with Documentation|x86.ActiveCfg = Release|Any CPU
		{832C3EF1-56B8-4164-B140-4A2D01DB3CA2}.Release|Any CPU.ActiveCfg = Release|Any CPU
		{832C3EF1-56B8-4164-B140-4A2D01DB3CA2}.Release|Any CPU.Build.0 = Release|Any CPU
		{832C3EF1-56B8-4164-B140-4A2D01DB3CA2}.Release|ARM.ActiveCfg = Release|Any CPU
		{832C3EF1-56B8-4164-B140-4A2D01DB3CA2}.Release|x64.ActiveCfg = Release|Any CPU
		{832C3EF1-56B8-4164-B140-4A2D01DB3CA2}.Release|x86.ActiveCfg = Release|Any CPU
	EndGlobalSection
	GlobalSection(SolutionProperties) = preSolution
		HideSolutionNode = FALSE
	EndGlobalSection
	GlobalSection(ExtensibilityGlobals) = postSolution
		SolutionGuid = {73A9B453-AE71-4A98-B68A-2389573CD311}
	EndGlobalSection
EndGlobal
